# THIS IS AN AUTOGENERATED FILE. DO NOT EDIT THIS FILE DIRECTLY.
# yarn lockfile v1


eve-raphael@0.5.0:
  version "0.5.0"
  resolved "https://registry.yarnpkg.com/eve-raphael/-/eve-raphael-0.5.0.tgz#17c754b792beef3fa6684d79cf5a47c63c4cda30"

"graphael@https://github.com/ryankshaw/graphael.git":
  version "1.2.0"
  resolved "https://github.com/ryankshaw/graphael.git#067542642fa240925e4e3dd13153333ae1d3ad60"
  dependencies:
    raphael "^2.1.4"

raphael@^2.1.4:
  version "2.2.7"
  resolved "https://registry.yarnpkg.com/raphael/-/raphael-2.2.7.tgz#231b19141f8d086986d8faceb66f8b562ee2c810"
  dependencies:
    eve-raphael "0.5.0"
